// !$*UTF8*$!
{
	archiveVersion = 1;
	classes = {
	};
	objectVersion = 46;
	objects = {

/* Begin PBXBuildFile section */
		C7203AB61A8992070000C35A /* main.cpp in Sources */ = {isa = PBXBuildFile; fileRef = C7203AB51A8992070000C35A /* main.cpp */; };
		C7203ABF1A8992630000C35A /* libopencv_imgproc.2.4.10.dylib in Frameworks */ = {isa = PBXBuildFile; fileRef = C7203ABC1A8992630000C35A /* libopencv_imgproc.2.4.10.dylib */; };
		C7203AC01A8992630000C35A /* libopencv_highgui.2.4.10.dylib in Frameworks */ = {isa = PBXBuildFile; fileRef = C7203ABD1A8992630000C35A /* libopencv_highgui.2.4.10.dylib */; };
		C7203AC11A8992630000C35A /* libopencv_core.2.4.10.dylib in Frameworks */ = {isa = PBXBuildFile; fileRef = C7203ABE1A8992630000C35A /* libopencv_core.2.4.10.dylib */; };
		C7203ACC1A89AC8F0000C35A /* FrameDifferenceBGS.cpp in Sources */ = {isa = PBXBuildFile; fileRef = C7203ACB1A89AC8F0000C35A /* FrameDifferenceBGS.cpp */; };
/* End PBXBuildFile section */

/* Begin PBXCopyFilesBuildPhase section */
		C7203AB01A8992070000C35A /* CopyFiles */ = {
			isa = PBXCopyFilesBuildPhase;
			buildActionMask = 2147483647;
			dstPath = /usr/share/man/man1/;
			dstSubfolderSpec = 0;
			files = (
			);
			runOnlyForDeploymentPostprocessing = 1;
		};
/* End PBXCopyFilesBuildPhase section */

/* Begin PBXFileReference section */
		C7203AB21A8992070000C35A /* OpenCVTutorial2 */ = {isa = PBXFileReference; explicitFileType = "compiled.mach-o.executable"; includeInIndex = 0; path = OpenCVTutorial2; sourceTree = BUILT_PRODUCTS_DIR; };
		C7203AB51A8992070000C35A /* main.cpp */ = {isa = PBXFileReference; lastKnownFileType = sourcecode.cpp.cpp; path = main.cpp; sourceTree = "<group>"; };
		C7203ABC1A8992630000C35A /* libopencv_imgproc.2.4.10.dylib */ = {isa = PBXFileReference; lastKnownFileType = "compiled.mach-o.dylib"; name = libopencv_imgproc.2.4.10.dylib; path = "../opencv-2.4.10/build/lib/libopencv_imgproc.2.4.10.dylib"; sourceTree = "<group>"; };
		C7203ABD1A8992630000C35A /* libopencv_highgui.2.4.10.dylib */ = {isa = PBXFileReference; lastKnownFileType = "compiled.mach-o.dylib"; name = libopencv_highgui.2.4.10.dylib; path = "../opencv-2.4.10/build/lib/libopencv_highgui.2.4.10.dylib"; sourceTree = "<group>"; };
		C7203ABE1A8992630000C35A /* libopencv_core.2.4.10.dylib */ = {isa = PBXFileReference; lastKnownFileType = "compiled.mach-o.dylib"; name = libopencv_core.2.4.10.dylib; path = "../opencv-2.4.10/build/lib/libopencv_core.2.4.10.dylib"; sourceTree = "<group>"; };
		C7203ACA1A89AC8F0000C35A /* FrameDifferenceBGS.h */ = {isa = PBXFileReference; fileEncoding = 4; lastKnownFileType = sourcecode.c.h; name = FrameDifferenceBGS.h; path = package_bgs/FrameDifferenceBGS.h; sourceTree = SOURCE_ROOT; };
		C7203ACB1A89AC8F0000C35A /* FrameDifferenceBGS.cpp */ = {isa = PBXFileReference; fileEncoding = 4; lastKnownFileType = sourcecode.cpp.cpp; name = FrameDifferenceBGS.cpp; path = package_bgs/FrameDifferenceBGS.cpp; sourceTree = SOURCE_ROOT; };
/* End PBXFileReference section */

/* Begin PBXFrameworksBuildPhase section */
		C7203AAF1A8992070000C35A /* Frameworks */ = {
			isa = PBXFrameworksBuildPhase;
			buildActionMask = 2147483647;
			files = (
				C7203ABF1A8992630000C35A /* libopencv_imgproc.2.4.10.dylib in Frameworks */,
				C7203AC11A8992630000C35A /* libopencv_core.2.4.10.dylib in Frameworks */,
				C7203AC01A8992630000C35A /* libopencv_highgui.2.4.10.dylib in Frameworks */,
			);
			runOnlyForDeploymentPostprocessing = 0;
		};
/* End PBXFrameworksBuildPhase section */

/* Begin PBXGroup section */
		C7203AA91A8992060000C35A = {
			isa = PBXGroup;
			children = (
				C7203ABC1A8992630000C35A /* libopencv_imgproc.2.4.10.dylib */,
				C7203ABD1A8992630000C35A /* libopencv_highgui.2.4.10.dylib */,
				C7203ABE1A8992630000C35A /* libopencv_core.2.4.10.dylib */,
				C7203AB41A8992070000C35A /* OpenCVTutorial2 */,
				C7203AB31A8992070000C35A /* Products */,
			);
			sourceTree = "<group>";
		};
		C7203AB31A8992070000C35A /* Products */ = {
			isa = PBXGroup;
			children = (
				C7203AB21A8992070000C35A /* OpenCVTutorial2 */,
			);
			name = Products;
			sourceTree = "<group>";
		};
		C7203AB41A8992070000C35A /* OpenCVTutorial2 */ = {
			isa = PBXGroup;
			children = (
				C7203ACA1A89AC8F0000C35A /* FrameDifferenceBGS.h */,
				C7203ACB1A89AC8F0000C35A /* FrameDifferenceBGS.cpp */,
				C7203AB51A8992070000C35A /* main.cpp */,
			);
			path = OpenCVTutorial2;
			sourceTree = "<group>";
		};
/* End PBXGroup section */

/* Begin PBXNativeTarget section */
		C7203AB11A8992070000C35A /* OpenCVTutorial2 */ = {
			isa = PBXNativeTarget;
			buildConfigurationList = C7203AB91A8992070000C35A /* Build configuration list for PBXNativeTarget "OpenCVTutorial2" */;
			buildPhases = (
				C7203AAE1A8992070000C35A /* Sources */,
				C7203AAF1A8992070000C35A /* Frameworks */,
				C7203AB01A8992070000C35A /* CopyFiles */,
			);
			buildRules = (
			);
			dependencies = (
			);
			name = OpenCVTutorial2;
			productName = OpenCVTutorial2;
			productReference = C7203AB21A8992070000C35A /* OpenCVTutorial2 */;
			productType = "com.apple.product-type.tool";
		};
/* End PBXNativeTarget section */

/* Begin PBXProject section */
		C7203AAA1A8992060000C35A /* Project object */ = {
			isa = PBXProject;
			attributes = {
				LastUpgradeCheck = 0610;
				ORGANIZATIONNAME = "Jacky Wang";
				TargetAttributes = {
					C7203AB11A8992070000C35A = {
						CreatedOnToolsVersion = 6.1.1;
					};
				};
			};
			buildConfigurationList = C7203AAD1A8992060000C35A /* Build configuration list for PBXProject "OpenCVTutorial2" */;
			compatibilityVersion = "Xcode 3.2";
			developmentRegion = English;
			hasScannedForEncodings = 0;
			knownRegions = (
				en,
			);
			mainGroup = C7203AA91A8992060000C35A;
			productRefGroup = C7203AB31A8992070000C35A /* Products */;
			projectDirPath = "";
			projectRoot = "";
			targets = (
				C7203AB11A8992070000C35A /* OpenCVTutorial2 */,
			);
		};
/* End PBXProject section */

/* Begin PBXSourcesBuildPhase section */
		C7203AAE1A8992070000C35A /* Sources */ = {
			isa = PBXSourcesBuildPhase;
			buildActionMask = 2147483647;
			files = (
				C7203AB61A8992070000C35A /* main.cpp in Sources */,
				C7203ACC1A89AC8F0000C35A /* FrameDifferenceBGS.cpp in Sources */,
			);
			runOnlyForDeploymentPostprocessing = 0;
		};
/* End PBXSourcesBuildPhase section */

/* Begin XCBuildConfiguration section */
		C7203AB71A8992070000C35A /* Debug */ = {
			isa = XCBuildConfiguration;
			buildSettings = {
				ALWAYS_SEARCH_USER_PATHS = NO;
				CLANG_CXX_LANGUAGE_STANDARD = "gnu++0x";
				CLANG_CXX_LIBRARY = "libc++";
				CLANG_ENABLE_MODULES = YES;
				CLANG_ENABLE_OBJC_ARC = YES;
				CLANG_WARN_BOOL_CONVERSION = YES;
				CLANG_WARN_CONSTANT_CONVERSION = YES;
				CLANG_WARN_DIRECT_OBJC_ISA_USAGE = YES_ERROR;
				CLANG_WARN_EMPTY_BODY = YES;
				CLANG_WARN_ENUM_CONVERSION = YES;
				CLANG_WARN_INT_CONVERSION = YES;
				CLANG_WARN_OBJC_ROOT_CLASS = YES_ERROR;
				CLANG_WARN_UNREACHABLE_CODE = YES;
				CLANG_WARN__DUPLICATE_METHOD_MATCH = YES;
				COPY_PHASE_STRIP = NO;
				ENABLE_STRICT_OBJC_MSGSEND = YES;
				GCC_C_LANGUAGE_STANDARD = gnu99;
				GCC_DYNAMIC_NO_PIC = NO;
				GCC_OPTIMIZATION_LEVEL = 0;
				GCC_PREPROCESSOR_DEFINITIONS = (
					"DEBUG=1",
					"$(inherited)",
				);
				GCC_SYMBOLS_PRIVATE_EXTERN = NO;
				GCC_WARN_64_TO_32_BIT_CONVERSION = YES;
				GCC_WARN_ABOUT_RETURN_TYPE = YES_ERROR;
				GCC_WARN_UNDECLARED_SELECTOR = YES;
				GCC_WARN_UNINITIALIZED_AUTOS = YES_AGGRESSIVE;
				GCC_WARN_UNUSED_FUNCTION = YES;
				GCC_WARN_UNUSED_VARIABLE = YES;
				MACOSX_DEPLOYMENT_TARGET = 10.9;
				MTL_ENABLE_DEBUG_INFO = YES;
				ONLY_ACTIVE_ARCH = YES;
				SDKROOT = macosx;
			};
			name = Debug;
		};
		C7203AB81A8992070000C35A /* Release */ = {
			isa = XCBuildConfiguration;
			buildSettings = {
				ALWAYS_SEARCH_USER_PATHS = NO;
				CLANG_CXX_LANGUAGE_STANDARD = "gnu++0x";
				CLANG_CXX_LIBRARY = "libc++";
				CLANG_ENABLE_MODULES = YES;
				CLANG_ENABLE_OBJC_ARC = YES;
				CLANG_WARN_BOOL_CONVERSION = YES;
				CLANG_WARN_CONSTANT_CONVERSION = YES;
				CLANG_WARN_DIRECT_OBJC_ISA_USAGE = YES_ERROR;
				CLANG_WARN_EMPTY_BODY = YES;
				CLANG_WARN_ENUM_CONVERSION = YES;
				CLANG_WARN_INT_CONVERSION = YES;
				CLANG_WARN_OBJC_ROOT_CLASS = YES_ERROR;
				CLANG_WARN_UNREACHABLE_CODE = YES;
				CLANG_WARN__DUPLICATE_METHOD_MATCH = YES;
				COPY_PHASE_STRIP = YES;
				DEBUG_INFORMATION_FORMAT = "dwarf-with-dsym";
				ENABLE_NS_ASSERTIONS = NO;
				ENABLE_STRICT_OBJC_MSGSEND = YES;
				GCC_C_LANGUAGE_STANDARD = gnu99;
				GCC_WARN_64_TO_32_BIT_CONVERSION = YES;
				GCC_WARN_ABOUT_RETURN_TYPE = YES_ERROR;
				GCC_WARN_UNDECLARED_SELECTOR = YES;
				GCC_WARN_UNINITIALIZED_AUTOS = YES_AGGRESSIVE;
				GCC_WARN_UNUSED_FUNCTION = YES;
				GCC_WARN_UNUSED_VARIABLE = YES;
				MACOSX_DEPLOYMENT_TARGET = 10.9;
				MTL_ENABLE_DEBUG_INFO = NO;
				SDKROOT = macosx;
			};
			name = Release;
		};
		C7203ABA1A8992070000C35A /* Debug */ = {
			isa = XCBuildConfiguration;
			buildSettings = {
				ALWAYS_SEARCH_USER_PATHS = YES;
				FRAMEWORK_SEARCH_PATHS = /usr/local/lib;
				HEADER_SEARCH_PATHS = /usr/local/include;
				LIBRARY_SEARCH_PATHS = (
					"/Users/jackywang/Desktop/231a/project/myOpenCV/OpenCV/opencv-2.4.10/build/lib",
					/Users/jackywang/Desktop/231a/project/myOpenCV/OpenCV/externals/bgslibrary,
					/Users/jackywang/Desktop/231a/project/myOpenCV/OpenCV/externals/bgslibrary/package_bgs,
				);
				PRODUCT_NAME = "$(TARGET_NAME)";
			};
			name = Debug;
		};
		C7203ABB1A8992070000C35A /* Release */ = {
			isa = XCBuildConfiguration;
			buildSettings = {
				ALWAYS_SEARCH_USER_PATHS = YES;
				FRAMEWORK_SEARCH_PATHS = /usr/local/lib;
				HEADER_SEARCH_PATHS = /usr/local/include;
				LIBRARY_SEARCH_PATHS = (
					"/Users/jackywang/Desktop/231a/project/myOpenCV/OpenCV/opencv-2.4.10/build/lib",
					/Users/jackywang/Desktop/231a/project/myOpenCV/OpenCV/externals/bgslibrary,
					/Users/jackywang/Desktop/231a/project/myOpenCV/OpenCV/externals/bgslibrary/package_bgs,
				);
				PRODUCT_NAME = "$(TARGET_NAME)";
			};
			name = Release;
		};
/* End XCBuildConfiguration section */

/* Begin XCConfigurationList section */
		C7203AAD1A8992060000C35A /* Build configuration list for PBXProject "OpenCVTutorial2" */ = {
			isa = XCConfigurationList;
			buildConfigurations = (
				C7203AB71A8992070000C35A /* Debug */,
				C7203AB81A8992070000C35A /* Release */,
			);
			defaultConfigurationIsVisible = 0;
			defaultConfigurationName = Release;
		};
		C7203AB91A8992070000C35A /* Build configuration list for PBXNativeTarget "OpenCVTutorial2" */ = {
			isa = XCConfigurationList;
			buildConfigurations = (
				C7203ABA1A8992070000C35A /* Debug */,
				C7203ABB1A8992070000C35A /* Release */,
			);
			defaultConfigurationIsVisible = 0;
		};
/* End XCConfigurationList section */
	};
	rootObject = C7203AAA1A8992060000C35A /* Project object */;
}
