// !$*UTF8*$!
{
	archiveVersion = 1;
	classes = {
	};
	objectVersion = 46;
	objects = {

/* Begin PBXBuildFile section */
		C7638E2E1A889F9A00F79D43 /* main.cpp in Sources */ = {isa = PBXBuildFile; fileRef = C7638E2D1A889F9A00F79D43 /* main.cpp */; };
		C7638E351A88A1AB00F79D43 /* libopencv_core.2.4.10.dylib in Frameworks */ = {isa = PBXBuildFile; fileRef = C7638E341A88A1AB00F79D43 /* libopencv_core.2.4.10.dylib */; };
		C7638E381A88A1FA00F79D43 /* libopencv_imgproc.2.4.10.dylib in Frameworks */ = {isa = PBXBuildFile; fileRef = C7638E361A88A1FA00F79D43 /* libopencv_imgproc.2.4.10.dylib */; };
		C7638E391A88A1FA00F79D43 /* libopencv_highgui.2.4.10.dylib in Frameworks */ = {isa = PBXBuildFile; fileRef = C7638E371A88A1FA00F79D43 /* libopencv_highgui.2.4.10.dylib */; };
/* End PBXBuildFile section */

/* Begin PBXCopyFilesBuildPhase section */
		C7638E281A889F9800F79D43 /* CopyFiles */ = {
			isa = PBXCopyFilesBuildPhase;
			buildActionMask = 2147483647;
			dstPath = /usr/share/man/man1/;
			dstSubfolderSpec = 0;
			files = (
			);
			runOnlyForDeploymentPostprocessing = 1;
		};
/* End PBXCopyFilesBuildPhase section */

/* Begin PBXFileReference section */
		C7638E2A1A889F9A00F79D43 /* OpenCV Tutorial */ = {isa = PBXFileReference; explicitFileType = "compiled.mach-o.executable"; includeInIndex = 0; path = "OpenCV Tutorial"; sourceTree = BUILT_PRODUCTS_DIR; };
		C7638E2D1A889F9A00F79D43 /* main.cpp */ = {isa = PBXFileReference; lastKnownFileType = sourcecode.cpp.cpp; path = main.cpp; sourceTree = "<group>"; };
		C7638E341A88A1AB00F79D43 /* libopencv_core.2.4.10.dylib */ = {isa = PBXFileReference; lastKnownFileType = "compiled.mach-o.dylib"; name = libopencv_core.2.4.10.dylib; path = "../opencv-2.4.10/build/lib/libopencv_core.2.4.10.dylib"; sourceTree = "<group>"; };
		C7638E361A88A1FA00F79D43 /* libopencv_imgproc.2.4.10.dylib */ = {isa = PBXFileReference; lastKnownFileType = "compiled.mach-o.dylib"; name = libopencv_imgproc.2.4.10.dylib; path = "../opencv-2.4.10/build/lib/libopencv_imgproc.2.4.10.dylib"; sourceTree = "<group>"; };
		C7638E371A88A1FA00F79D43 /* libopencv_highgui.2.4.10.dylib */ = {isa = PBXFileReference; lastKnownFileType = "compiled.mach-o.dylib"; name = libopencv_highgui.2.4.10.dylib; path = "../opencv-2.4.10/build/lib/libopencv_highgui.2.4.10.dylib"; sourceTree = "<group>"; };
/* End PBXFileReference section */

/* Begin PBXFrameworksBuildPhase section */
		C7638E271A889F9800F79D43 /* Frameworks */ = {
			isa = PBXFrameworksBuildPhase;
			buildActionMask = 2147483647;
			files = (
				C7638E351A88A1AB00F79D43 /* libopencv_core.2.4.10.dylib in Frameworks */,
				C7638E381A88A1FA00F79D43 /* libopencv_imgproc.2.4.10.dylib in Frameworks */,
				C7638E391A88A1FA00F79D43 /* libopencv_highgui.2.4.10.dylib in Frameworks */,
			);
			runOnlyForDeploymentPostprocessing = 0;
		};
/* End PBXFrameworksBuildPhase section */

/* Begin PBXGroup section */
		C7638E211A889F9800F79D43 = {
			isa = PBXGroup;
			children = (
				C7638E361A88A1FA00F79D43 /* libopencv_imgproc.2.4.10.dylib */,
				C7638E371A88A1FA00F79D43 /* libopencv_highgui.2.4.10.dylib */,
				C7638E341A88A1AB00F79D43 /* libopencv_core.2.4.10.dylib */,
				C7638E2C1A889F9A00F79D43 /* OpenCV Tutorial */,
				C7638E2B1A889F9A00F79D43 /* Products */,
			);
			sourceTree = "<group>";
		};
		C7638E2B1A889F9A00F79D43 /* Products */ = {
			isa = PBXGroup;
			children = (
				C7638E2A1A889F9A00F79D43 /* OpenCV Tutorial */,
			);
			name = Products;
			sourceTree = "<group>";
		};
		C7638E2C1A889F9A00F79D43 /* OpenCV Tutorial */ = {
			isa = PBXGroup;
			children = (
				C7638E2D1A889F9A00F79D43 /* main.cpp */,
			);
			path = "OpenCV Tutorial";
			sourceTree = "<group>";
		};
/* End PBXGroup section */

/* Begin PBXNativeTarget section */
		C7638E291A889F9800F79D43 /* OpenCV Tutorial */ = {
			isa = PBXNativeTarget;
			buildConfigurationList = C7638E311A889F9A00F79D43 /* Build configuration list for PBXNativeTarget "OpenCV Tutorial" */;
			buildPhases = (
				C7638E261A889F9800F79D43 /* Sources */,
				C7638E271A889F9800F79D43 /* Frameworks */,
				C7638E281A889F9800F79D43 /* CopyFiles */,
			);
			buildRules = (
			);
			dependencies = (
			);
			name = "OpenCV Tutorial";
			productName = "OpenCV Tutorial";
			productReference = C7638E2A1A889F9A00F79D43 /* OpenCV Tutorial */;
			productType = "com.apple.product-type.tool";
		};
/* End PBXNativeTarget section */

/* Begin PBXProject section */
		C7638E221A889F9800F79D43 /* Project object */ = {
			isa = PBXProject;
			attributes = {
				LastUpgradeCheck = 0610;
				ORGANIZATIONNAME = "Jacky Wang";
				TargetAttributes = {
					C7638E291A889F9800F79D43 = {
						CreatedOnToolsVersion = 6.1.1;
					};
				};
			};
			buildConfigurationList = C7638E251A889F9800F79D43 /* Build configuration list for PBXProject "OpenCV Tutorial" */;
			compatibilityVersion = "Xcode 3.2";
			developmentRegion = English;
			hasScannedForEncodings = 0;
			knownRegions = (
				en,
			);
			mainGroup = C7638E211A889F9800F79D43;
			productRefGroup = C7638E2B1A889F9A00F79D43 /* Products */;
			projectDirPath = "";
			projectRoot = "";
			targets = (
				C7638E291A889F9800F79D43 /* OpenCV Tutorial */,
			);
		};
/* End PBXProject section */

/* Begin PBXSourcesBuildPhase section */
		C7638E261A889F9800F79D43 /* Sources */ = {
			isa = PBXSourcesBuildPhase;
			buildActionMask = 2147483647;
			files = (
				C7638E2E1A889F9A00F79D43 /* main.cpp in Sources */,
			);
			runOnlyForDeploymentPostprocessing = 0;
		};
/* End PBXSourcesBuildPhase section */

/* Begin XCBuildConfiguration section */
		C7638E2F1A889F9A00F79D43 /* Debug */ = {
			isa = XCBuildConfiguration;
			buildSettings = {
				ALWAYS_SEARCH_USER_PATHS = NO;
				CLANG_CXX_LANGUAGE_STANDARD = "gnu++0x";
				CLANG_CXX_LIBRARY = "libc++";
				CLANG_ENABLE_MODULES = YES;
				CLANG_ENABLE_OBJC_ARC = YES;
				CLANG_WARN_BOOL_CONVERSION = YES;
				CLANG_WARN_CONSTANT_CONVERSION = YES;
				CLANG_WARN_DIRECT_OBJC_ISA_USAGE = YES_ERROR;
				CLANG_WARN_EMPTY_BODY = YES;
				CLANG_WARN_ENUM_CONVERSION = YES;
				CLANG_WARN_INT_CONVERSION = YES;
				CLANG_WARN_OBJC_ROOT_CLASS = YES_ERROR;
				CLANG_WARN_UNREACHABLE_CODE = YES;
				CLANG_WARN__DUPLICATE_METHOD_MATCH = YES;
				COPY_PHASE_STRIP = NO;
				ENABLE_STRICT_OBJC_MSGSEND = YES;
				GCC_C_LANGUAGE_STANDARD = gnu99;
				GCC_DYNAMIC_NO_PIC = NO;
				GCC_OPTIMIZATION_LEVEL = 0;
				GCC_PREPROCESSOR_DEFINITIONS = (
					"DEBUG=1",
					"$(inherited)",
				);
				GCC_SYMBOLS_PRIVATE_EXTERN = NO;
				GCC_WARN_64_TO_32_BIT_CONVERSION = YES;
				GCC_WARN_ABOUT_RETURN_TYPE = YES_ERROR;
				GCC_WARN_UNDECLARED_SELECTOR = YES;
				GCC_WARN_UNINITIALIZED_AUTOS = YES_AGGRESSIVE;
				GCC_WARN_UNUSED_FUNCTION = YES;
				GCC_WARN_UNUSED_VARIABLE = YES;
				MACOSX_DEPLOYMENT_TARGET = 10.9;
				MTL_ENABLE_DEBUG_INFO = YES;
				ONLY_ACTIVE_ARCH = YES;
				SDKROOT = macosx;
			};
			name = Debug;
		};
		C7638E301A889F9A00F79D43 /* Release */ = {
			isa = XCBuildConfiguration;
			buildSettings = {
				ALWAYS_SEARCH_USER_PATHS = NO;
				CLANG_CXX_LANGUAGE_STANDARD = "gnu++0x";
				CLANG_CXX_LIBRARY = "libc++";
				CLANG_ENABLE_MODULES = YES;
				CLANG_ENABLE_OBJC_ARC = YES;
				CLANG_WARN_BOOL_CONVERSION = YES;
				CLANG_WARN_CONSTANT_CONVERSION = YES;
				CLANG_WARN_DIRECT_OBJC_ISA_USAGE = YES_ERROR;
				CLANG_WARN_EMPTY_BODY = YES;
				CLANG_WARN_ENUM_CONVERSION = YES;
				CLANG_WARN_INT_CONVERSION = YES;
				CLANG_WARN_OBJC_ROOT_CLASS = YES_ERROR;
				CLANG_WARN_UNREACHABLE_CODE = YES;
				CLANG_WARN__DUPLICATE_METHOD_MATCH = YES;
				COPY_PHASE_STRIP = YES;
				DEBUG_INFORMATION_FORMAT = "dwarf-with-dsym";
				ENABLE_NS_ASSERTIONS = NO;
				ENABLE_STRICT_OBJC_MSGSEND = YES;
				GCC_C_LANGUAGE_STANDARD = gnu99;
				GCC_WARN_64_TO_32_BIT_CONVERSION = YES;
				GCC_WARN_ABOUT_RETURN_TYPE = YES_ERROR;
				GCC_WARN_UNDECLARED_SELECTOR = YES;
				GCC_WARN_UNINITIALIZED_AUTOS = YES_AGGRESSIVE;
				GCC_WARN_UNUSED_FUNCTION = YES;
				GCC_WARN_UNUSED_VARIABLE = YES;
				MACOSX_DEPLOYMENT_TARGET = 10.9;
				MTL_ENABLE_DEBUG_INFO = NO;
				SDKROOT = macosx;
			};
			name = Release;
		};
		C7638E321A889F9A00F79D43 /* Debug */ = {
			isa = XCBuildConfiguration;
			buildSettings = {
				ALWAYS_SEARCH_USER_PATHS = YES;
				FRAMEWORK_SEARCH_PATHS = /usr/local/lib;
				HEADER_SEARCH_PATHS = /usr/local/include;
				LIBRARY_SEARCH_PATHS = "/Users/jackywang/Desktop/231a/project/OpenCV/opencv-2.4.10/build/lib";
				PRODUCT_NAME = "$(TARGET_NAME)";
			};
			name = Debug;
		};
		C7638E331A889F9A00F79D43 /* Release */ = {
			isa = XCBuildConfiguration;
			buildSettings = {
				ALWAYS_SEARCH_USER_PATHS = YES;
				FRAMEWORK_SEARCH_PATHS = /usr/local/lib;
				HEADER_SEARCH_PATHS = /usr/local/include;
				LIBRARY_SEARCH_PATHS = "/Users/jackywang/Desktop/231a/project/OpenCV/opencv-2.4.10/build/lib";
				PRODUCT_NAME = "$(TARGET_NAME)";
			};
			name = Release;
		};
/* End XCBuildConfiguration section */

/* Begin XCConfigurationList section */
		C7638E251A889F9800F79D43 /* Build configuration list for PBXProject "OpenCV Tutorial" */ = {
			isa = XCConfigurationList;
			buildConfigurations = (
				C7638E2F1A889F9A00F79D43 /* Debug */,
				C7638E301A889F9A00F79D43 /* Release */,
			);
			defaultConfigurationIsVisible = 0;
			defaultConfigurationName = Release;
		};
		C7638E311A889F9A00F79D43 /* Build configuration list for PBXNativeTarget "OpenCV Tutorial" */ = {
			isa = XCConfigurationList;
			buildConfigurations = (
				C7638E321A889F9A00F79D43 /* Debug */,
				C7638E331A889F9A00F79D43 /* Release */,
			);
			defaultConfigurationIsVisible = 0;
		};
/* End XCConfigurationList section */
	};
	rootObject = C7638E221A889F9800F79D43 /* Project object */;
}
